
Microsoft Visual Studio Solution File, Format Version 12.00
# Visual Studio Version 17
VisualStudioVersion = 17.13.35825.156
MinimumVisualStudioVersion = 10.0.40219.1
Project("{FAE04EC0-301F-11D3-BF4B-00C04F79EFBC}") = "WebApi", "WebApi\WebApi.csproj", "{3EEA5CA6-1320-4B95-A2CE-E15D86232908}"
EndProject
Global
	GlobalSection(SolutionConfigurationPlatforms) = preSolution
		Debug|Any CPU = Debug|Any CPU
		Release|Any CPU = Release|Any CPU
	EndGlobalSection
	GlobalSection(ProjectConfigurationPlatforms) = postSolution
		{3EEA5CA6-1320-4B95-A2CE-E15D86232908}.Debug|Any CPU.ActiveCfg = Debug|Any CPU
		{3EEA5CA6-1320-4B95-A2CE-E15D86232908}.Debug|Any CPU.Build.0 = Debug|Any CPU
		{3EEA5CA6-1320-4B95-A2CE-E15D86232908}.Release|Any CPU.ActiveCfg = Release|Any CPU
		{3EEA5CA6-1320-4B95-A2CE-E15D86232908}.Release|Any CPU.Build.0 = Release|Any CPU
	EndGlobalSection
	GlobalSection(SolutionProperties) = preSolution
		HideSolutionNode = FALSE
	EndGlobalSection
	GlobalSection(ExtensibilityGlobals) = postSolution
		SolutionGuid = {372AFC49-CEC2-4859-8AC4-5AB10AD272B3}
	EndGlobalSection
EndGlobal
